
Microsoft Visual Studio Solution File, Format Version 12.00
# Visual Studio Version 17
VisualStudioVersion = 17.6.33815.320
MinimumVisualStudioVersion = 10.0.40219.1
Project("{9A19103F-16F7-4668-BE54-9A1E7A4F7556}") = "Business", "Business\Business.csproj", "{24263743-04F6-4A40-9DBE-585830FEAAC8}"
EndProject
Project("{9A19103F-16F7-4668-BE54-9A1E7A4F7556}") = "DataAccess", "DataAccess\DataAccess.csproj", "{9B84400C-A410-4CE6-BE5C-7C99608212C0}"
EndProject
Project("{9A19103F-16F7-4668-BE54-9A1E7A4F7556}") = "Entity", "Entity\Entity.csproj", "{F027FD9E-5F07-49E0-8F61-91285951CE0A}"
EndProject
Project("{9A19103F-16F7-4668-BE54-9A1E7A4F7556}") = "ConsoleUITest", "ConsoleUITest\ConsoleUITest.csproj", "{ED6DA5A8-62AC-4AA2-A8ED-BEFE368164DD}"
EndProject
Project("{9A19103F-16F7-4668-BE54-9A1E7A4F7556}") = "Core", "Core\Core.csproj", "{3E4C31C6-44C9-4A75-B0E0-23F3F21D1BDC}"
EndProject
Project("{FAE04EC0-301F-11D3-BF4B-00C04F79EFBC}") = "WebAPI", "WebAPI\WebAPI.csproj", "{9A9CE5B7-97F2-4063-B787-5F4929D5F2DC}"
EndProject
Global
	GlobalSection(SolutionConfigurationPlatforms) = preSolution
		Debug|Any CPU = Debug|Any CPU
		Release|Any CPU = Release|Any CPU
	EndGlobalSection
	GlobalSection(ProjectConfigurationPlatforms) = postSolution
		{24263743-04F6-4A40-9DBE-585830FEAAC8}.Debug|Any CPU.ActiveCfg = Debug|Any CPU
		{24263743-04F6-4A40-9DBE-585830FEAAC8}.Debug|Any CPU.Build.0 = Debug|Any CPU
		{24263743-04F6-4A40-9DBE-585830FEAAC8}.Release|Any CPU.ActiveCfg = Release|Any CPU
		{24263743-04F6-4A40-9DBE-585830FEAAC8}.Release|Any CPU.Build.0 = Release|Any CPU
		{9B84400C-A410-4CE6-BE5C-7C99608212C0}.Debug|Any CPU.ActiveCfg = Debug|Any CPU
		{9B84400C-A410-4CE6-BE5C-7C99608212C0}.Debug|Any CPU.Build.0 = Debug|Any CPU
		{9B84400C-A410-4CE6-BE5C-7C99608212C0}.Release|Any CPU.ActiveCfg = Release|Any CPU
		{9B84400C-A410-4CE6-BE5C-7C99608212C0}.Release|Any CPU.Build.0 = Release|Any CPU
		{F027FD9E-5F07-49E0-8F61-91285951CE0A}.Debug|Any CPU.ActiveCfg = Debug|Any CPU
		{F027FD9E-5F07-49E0-8F61-91285951CE0A}.Debug|Any CPU.Build.0 = Debug|Any CPU
		{F027FD9E-5F07-49E0-8F61-91285951CE0A}.Release|Any CPU.ActiveCfg = Release|Any CPU
		{F027FD9E-5F07-49E0-8F61-91285951CE0A}.Release|Any CPU.Build.0 = Release|Any CPU
		{ED6DA5A8-62AC-4AA2-A8ED-BEFE368164DD}.Debug|Any CPU.ActiveCfg = Debug|Any CPU
		{ED6DA5A8-62AC-4AA2-A8ED-BEFE368164DD}.Debug|Any CPU.Build.0 = Debug|Any CPU
		{ED6DA5A8-62AC-4AA2-A8ED-BEFE368164DD}.Release|Any CPU.ActiveCfg = Release|Any CPU
		{ED6DA5A8-62AC-4AA2-A8ED-BEFE368164DD}.Release|Any CPU.Build.0 = Release|Any CPU
		{3E4C31C6-44C9-4A75-B0E0-23F3F21D1BDC}.Debug|Any CPU.ActiveCfg = Debug|Any CPU
		{3E4C31C6-44C9-4A75-B0E0-23F3F21D1BDC}.Debug|Any CPU.Build.0 = Debug|Any CPU
		{3E4C31C6-44C9-4A75-B0E0-23F3F21D1BDC}.Release|Any CPU.ActiveCfg = Release|Any CPU
		{3E4C31C6-44C9-4A75-B0E0-23F3F21D1BDC}.Release|Any CPU.Build.0 = Release|Any CPU
		{9A9CE5B7-97F2-4063-B787-5F4929D5F2DC}.Debug|Any CPU.ActiveCfg = Debug|Any CPU
		{9A9CE5B7-97F2-4063-B787-5F4929D5F2DC}.Debug|Any CPU.Build.0 = Debug|Any CPU
		{9A9CE5B7-97F2-4063-B787-5F4929D5F2DC}.Release|Any CPU.ActiveCfg = Release|Any CPU
		{9A9CE5B7-97F2-4063-B787-5F4929D5F2DC}.Release|Any CPU.Build.0 = Release|Any CPU
	EndGlobalSection
	GlobalSection(SolutionProperties) = preSolution
		HideSolutionNode = FALSE
	EndGlobalSection
	GlobalSection(ExtensibilityGlobals) = postSolution
		SolutionGuid = {1E00E4E2-C29F-4E3E-B65A-DC77F43DCF89}
	EndGlobalSection
EndGlobal
